
Microsoft Visual Studio Solution File, Format Version 12.00
# Visual Studio Version 16
VisualStudioVersion = 16.0.30114.105
MinimumVisualStudioVersion = 10.0.40219.1
Project("{FAE04EC0-301F-11D3-BF4B-00C04F79EFBC}") = "Project0.StoreApplication.Client", "Project0.StoreApplication.Client\Project0.StoreApplication.Client.csproj", "{27F9AAB8-FF77-432B-ABB4-EC1041239095}"
EndProject
Project("{FAE04EC0-301F-11D3-BF4B-00C04F79EFBC}") = "Project0.StoreApplication.Domain", "Project0.StoreApplication.Domain\Project0.StoreApplication.Domain.csproj", "{64F92BA6-8F7B-449F-A387-F6A0823976DE}"
EndProject
Project("{FAE04EC0-301F-11D3-BF4B-00C04F79EFBC}") = "Project0.StoreApplication.Storage", "Project0.StoreApplication.Storage\Project0.StoreApplication.Storage.csproj", "{67E217F3-AEC1-4B9B-9570-0B5CF00A4DBA}"
EndProject
Project("{FAE04EC0-301F-11D3-BF4B-00C04F79EFBC}") = "Project0.StoreApplication.Testing", "Project0.StoreApplication.Testing\Project0.StoreApplication.Testing.csproj", "{EAA7EA67-11B1-471D-94D6-1E6D097E4627}"
EndProject
Global
	GlobalSection(SolutionConfigurationPlatforms) = preSolution
		Debug|Any CPU = Debug|Any CPU
		Debug|x64 = Debug|x64
		Debug|x86 = Debug|x86
		Release|Any CPU = Release|Any CPU
		Release|x64 = Release|x64
		Release|x86 = Release|x86
	EndGlobalSection
	GlobalSection(SolutionProperties) = preSolution
		HideSolutionNode = FALSE
	EndGlobalSection
	GlobalSection(ProjectConfigurationPlatforms) = postSolution
		{27F9AAB8-FF77-432B-ABB4-EC1041239095}.Debug|Any CPU.ActiveCfg = Debug|Any CPU
		{27F9AAB8-FF77-432B-ABB4-EC1041239095}.Debug|Any CPU.Build.0 = Debug|Any CPU
		{27F9AAB8-FF77-432B-ABB4-EC1041239095}.Debug|x64.ActiveCfg = Debug|Any CPU
		{27F9AAB8-FF77-432B-ABB4-EC1041239095}.Debug|x64.Build.0 = Debug|Any CPU
		{27F9AAB8-FF77-432B-ABB4-EC1041239095}.Debug|x86.ActiveCfg = Debug|Any CPU
		{27F9AAB8-FF77-432B-ABB4-EC1041239095}.Debug|x86.Build.0 = Debug|Any CPU
		{27F9AAB8-FF77-432B-ABB4-EC1041239095}.Release|Any CPU.ActiveCfg = Release|Any CPU
		{27F9AAB8-FF77-432B-ABB4-EC1041239095}.Release|Any CPU.Build.0 = Release|Any CPU
		{27F9AAB8-FF77-432B-ABB4-EC1041239095}.Release|x64.ActiveCfg = Release|Any CPU
		{27F9AAB8-FF77-432B-ABB4-EC1041239095}.Release|x64.Build.0 = Release|Any CPU
		{27F9AAB8-FF77-432B-ABB4-EC1041239095}.Release|x86.ActiveCfg = Release|Any CPU
		{27F9AAB8-FF77-432B-ABB4-EC1041239095}.Release|x86.Build.0 = Release|Any CPU
		{64F92BA6-8F7B-449F-A387-F6A0823976DE}.Debug|Any CPU.ActiveCfg = Debug|Any CPU
		{64F92BA6-8F7B-449F-A387-F6A0823976DE}.Debug|Any CPU.Build.0 = Debug|Any CPU
		{64F92BA6-8F7B-449F-A387-F6A0823976DE}.Debug|x64.ActiveCfg = Debug|Any CPU
		{64F92BA6-8F7B-449F-A387-F6A0823976DE}.Debug|x64.Build.0 = Debug|Any CPU
		{64F92BA6-8F7B-449F-A387-F6A0823976DE}.Debug|x86.ActiveCfg = Debug|Any CPU
		{64F92BA6-8F7B-449F-A387-F6A0823976DE}.Debug|x86.Build.0 = Debug|Any CPU
		{64F92BA6-8F7B-449F-A387-F6A0823976DE}.Release|Any CPU.ActiveCfg = Release|Any CPU
		{64F92BA6-8F7B-449F-A387-F6A0823976DE}.Release|Any CPU.Build.0 = Release|Any CPU
		{64F92BA6-8F7B-449F-A387-F6A0823976DE}.Release|x64.ActiveCfg = Release|Any CPU
		{64F92BA6-8F7B-449F-A387-F6A0823976DE}.Release|x64.Build.0 = Release|Any CPU
		{64F92BA6-8F7B-449F-A387-F6A0823976DE}.Release|x86.ActiveCfg = Release|Any CPU
		{64F92BA6-8F7B-449F-A387-F6A0823976DE}.Release|x86.Build.0 = Release|Any CPU
		{67E217F3-AEC1-4B9B-9570-0B5CF00A4DBA}.Debug|Any CPU.ActiveCfg = Debug|Any CPU
		{67E217F3-AEC1-4B9B-9570-0B5CF00A4DBA}.Debug|Any CPU.Build.0 = Debug|Any CPU
		{67E217F3-AEC1-4B9B-9570-0B5CF00A4DBA}.Debug|x64.ActiveCfg = Debug|Any CPU
		{67E217F3-AEC1-4B9B-9570-0B5CF00A4DBA}.Debug|x64.Build.0 = Debug|Any CPU
		{67E217F3-AEC1-4B9B-9570-0B5CF00A4DBA}.Debug|x86.ActiveCfg = Debug|Any CPU
		{67E217F3-AEC1-4B9B-9570-0B5CF00A4DBA}.Debug|x86.Build.0 = Debug|Any CPU
		{67E217F3-AEC1-4B9B-9570-0B5CF00A4DBA}.Release|Any CPU.ActiveCfg = Release|Any CPU
		{67E217F3-AEC1-4B9B-9570-0B5CF00A4DBA}.Release|Any CPU.Build.0 = Release|Any CPU
		{67E217F3-AEC1-4B9B-9570-0B5CF00A4DBA}.Release|x64.ActiveCfg = Release|Any CPU
		{67E217F3-AEC1-4B9B-9570-0B5CF00A4DBA}.Release|x64.Build.0 = Release|Any CPU
		{67E217F3-AEC1-4B9B-9570-0B5CF00A4DBA}.Release|x86.ActiveCfg = Release|Any CPU
		{67E217F3-AEC1-4B9B-9570-0B5CF00A4DBA}.Release|x86.Build.0 = Release|Any CPU
		{EAA7EA67-11B1-471D-94D6-1E6D097E4627}.Debug|Any CPU.ActiveCfg = Debug|Any CPU
		{EAA7EA67-11B1-471D-94D6-1E6D097E4627}.Debug|Any CPU.Build.0 = Debug|Any CPU
		{EAA7EA67-11B1-471D-94D6-1E6D097E4627}.Debug|x64.ActiveCfg = Debug|Any CPU
		{EAA7EA67-11B1-471D-94D6-1E6D097E4627}.Debug|x64.Build.0 = Debug|Any CPU
		{EAA7EA67-11B1-471D-94D6-1E6D097E4627}.Debug|x86.ActiveCfg = Debug|Any CPU
		{EAA7EA67-11B1-471D-94D6-1E6D097E4627}.Debug|x86.Build.0 = Debug|Any CPU
		{EAA7EA67-11B1-471D-94D6-1E6D097E4627}.Release|Any CPU.ActiveCfg = Release|Any CPU
		{EAA7EA67-11B1-471D-94D6-1E6D097E4627}.Release|Any CPU.Build.0 = Release|Any CPU
		{EAA7EA67-11B1-471D-94D6-1E6D097E4627}.Release|x64.ActiveCfg = Release|Any CPU
		{EAA7EA67-11B1-471D-94D6-1E6D097E4627}.Release|x64.Build.0 = Release|Any CPU
		{EAA7EA67-11B1-471D-94D6-1E6D097E4627}.Release|x86.ActiveCfg = Release|Any CPU
		{EAA7EA67-11B1-471D-94D6-1E6D097E4627}.Release|x86.Build.0 = Release|Any CPU
	EndGlobalSection
EndGlobal
